
Microsoft Visual Studio Solution File, Format Version 12.00
Project("{FAE04EC0-301F-11D3-BF4B-00C04F79EFBC}") = "Italbytz.Ports.Algorithms.AI", "Italbytz.Ports.Algorithms.AI\Italbytz.Ports.Algorithms.AI.csproj", "{80D4E06A-7173-4C00-AF53-E5D445BF2CEF}"
EndProject
Global
	GlobalSection(SolutionConfigurationPlatforms) = preSolution
		Debug|Any CPU = Debug|Any CPU
		Release|Any CPU = Release|Any CPU
	EndGlobalSection
	GlobalSection(ProjectConfigurationPlatforms) = postSolution
		{80D4E06A-7173-4C00-AF53-E5D445BF2CEF}.Debug|Any CPU.ActiveCfg = Debug|Any CPU
		{80D4E06A-7173-4C00-AF53-E5D445BF2CEF}.Debug|Any CPU.Build.0 = Debug|Any CPU
		{80D4E06A-7173-4C00-AF53-E5D445BF2CEF}.Release|Any CPU.ActiveCfg = Release|Any CPU
		{80D4E06A-7173-4C00-AF53-E5D445BF2CEF}.Release|Any CPU.Build.0 = Release|Any CPU
	EndGlobalSection
EndGlobal
